parameters:
  - name: armServiceConnectionName
    type: string
  - name: subscriptionId
    type: string
    default: $(SUBSCRIPTION_ID)

steps:
  - task: AzurePowerShell@5
    displayName: 'Unlock Resources'
    inputs:
      ConnectedServiceNameARM: ${{ parameters.armServiceConnectionName }}
      errorActionPreference: 'stop'
      inline: |
        Write-Host "Checking resource locks..."
        Write-Host "##[command]Get-AzResourceLock -Scope /subscriptions/${{ parameters.subscriptionId }}"
        $ResourceLocks = Get-AzResourceLock -Scope "/subscriptions/${{ parameters.subscriptionId }}"
        $ResourceLocks | ConvertTo-Json

        Foreach ($Lock in $ResourceLocks) {
          Write-Host "Removing resource lock for $($Lock.ResourceType)/$($Lock.ResourceName)..."
          Write-Host "##[command]Remove-AzResourceLock -LockId $($Lock.LockId)"
          $Removed = Remove-AzResourceLock -LockId $($Lock.LockId) -Force

          [PsCustomObject]@{
            LockId      = $($Lock.LockId)
            LockRemoved = $Removed
          } | ConvertTo-Json
        }
      scriptType: inlineScript
      TargetAzurePs: LatestVersion
